
Microsoft Visual Studio Solution File, Format Version 12.00
# Visual Studio 2015
Project("{FAE04EC0-301F-11D3-BF4B-00C04F79EFBC}") = "RougeLike2.0.CSharp", "RougeLike2.0.CSharp.csproj", "{AFE5E2DF-4849-5856-432A-33896DD83B93}"
EndProject
Project("{FAE04EC0-301F-11D3-BF4B-00C04F79EFBC}") = "RougeLike2.0.CSharp.Editor", "RougeLike2.0.CSharp.Editor.csproj", "{CF29792D-00D4-57B8-7400-1966FA17E28E}"
EndProject
Global
	GlobalSection(SolutionConfigurationPlatforms) = preSolution
		Debug|Any CPU = Debug|Any CPU
		Release|Any CPU = Release|Any CPU
	EndGlobalSection
	GlobalSection(ProjectConfigurationPlatforms) = postSolution
		{AFE5E2DF-4849-5856-432A-33896DD83B93}.Debug|Any CPU.ActiveCfg = Debug|Any CPU
		{AFE5E2DF-4849-5856-432A-33896DD83B93}.Debug|Any CPU.Build.0 = Debug|Any CPU
		{AFE5E2DF-4849-5856-432A-33896DD83B93}.Release|Any CPU.ActiveCfg = Release|Any CPU
		{AFE5E2DF-4849-5856-432A-33896DD83B93}.Release|Any CPU.Build.0 = Release|Any CPU
		{CF29792D-00D4-57B8-7400-1966FA17E28E}.Debug|Any CPU.ActiveCfg = Debug|Any CPU
		{CF29792D-00D4-57B8-7400-1966FA17E28E}.Debug|Any CPU.Build.0 = Debug|Any CPU
		{CF29792D-00D4-57B8-7400-1966FA17E28E}.Release|Any CPU.ActiveCfg = Release|Any CPU
		{CF29792D-00D4-57B8-7400-1966FA17E28E}.Release|Any CPU.Build.0 = Release|Any CPU
	EndGlobalSection
	GlobalSection(SolutionProperties) = preSolution
		HideSolutionNode = FALSE
	EndGlobalSection
EndGlobal
